
Microsoft Visual Studio Solution File, Format Version 12.00
# Visual Studio Version 16
VisualStudioVersion = 16.0.31019.35
MinimumVisualStudioVersion = 10.0.40219.1
Project("{2150E333-8FDC-42A3-9474-1A3956D46DE8}") = "Host", "Host", "{49BF4A68-F5CE-4FFB-AFB3-84564D5D572E}"
EndProject
Project("{2150E333-8FDC-42A3-9474-1A3956D46DE8}") = "Modules", "Modules", "{54D7DDCA-B16E-4516-924B-1F97BD4B6B1F}"
EndProject
Project("{9A19103F-16F7-4668-BE54-9A1E7A4F7556}") = "Food.Core", "Modules\Food\Food.Core\Food.Core.csproj", "{08776A35-AF06-47F6-A6FB-490E251F93C6}"
EndProject
Project("{9A19103F-16F7-4668-BE54-9A1E7A4F7556}") = "Food.Infrastructure", "Modules\Food\Food.Infrastructure\Food.Infrastructure.csproj", "{C10D47EB-C5E3-45BF-8F52-74080EF5248C}"
EndProject
Project("{9A19103F-16F7-4668-BE54-9A1E7A4F7556}") = "Drinks.Infrastructure", "Modules\Drinks\Drinks.Infrastructure\Drinks.Infrastructure.csproj", "{C559849C-C40E-4FD4-B9BE-40AF16901089}"
EndProject
Project("{9A19103F-16F7-4668-BE54-9A1E7A4F7556}") = "Drinks.Core", "Modules\Drinks\Drinks.Core\Drinks.Core.csproj", "{6CC9E682-129E-4886-B68A-3571D2C82B90}"
EndProject
Project("{2150E333-8FDC-42A3-9474-1A3956D46DE8}") = "Shared", "Shared", "{97ACFEC4-7EED-473B-AE22-012123953918}"
EndProject
Project("{9A19103F-16F7-4668-BE54-9A1E7A4F7556}") = "Shared.DTOs", "Shared\Shared.DTOs\Shared.DTOs.csproj", "{B8E5E4D9-A8F9-4188-AC16-CAFB5D930336}"
EndProject
Project("{9A19103F-16F7-4668-BE54-9A1E7A4F7556}") = "Shared.Core", "Shared\Shared.Core\Shared.Core.csproj", "{B4ADB1A6-5AF0-4BDF-925A-A0D09749ACE7}"
EndProject
Project("{9A19103F-16F7-4668-BE54-9A1E7A4F7556}") = "Shared.Infrastructure", "Shared\Shared.Infrastructure\Shared.Infrastructure.csproj", "{2B69FF4B-38F8-42B2-929D-F867CF8E124F}"
EndProject
Project("{2150E333-8FDC-42A3-9474-1A3956D46DE8}") = "Drinks", "Drinks", "{937F6C74-0030-404F-80D2-277ABE761B48}"
EndProject
Project("{2150E333-8FDC-42A3-9474-1A3956D46DE8}") = "Food", "Food", "{D46319F6-AE8A-499A-AE14-656FC381D6AB}"
EndProject
Project("{9A19103F-16F7-4668-BE54-9A1E7A4F7556}") = "OnlineShopWebAPI", "Host\OnlineShopWebAPI\OnlineShopWebAPI.csproj", "{E9174879-67A8-4F72-9DC7-FBCA7B42B3F2}"
EndProject
Project("{2150E333-8FDC-42A3-9474-1A3956D46DE8}") = "Identity", "Identity", "{BB638DD5-F3DF-4B14-B9BE-4F1846101C0C}"
EndProject
Project("{9A19103F-16F7-4668-BE54-9A1E7A4F7556}") = "Identity.Core", "Modules\Identity\Identity.Core\Identity.Core.csproj", "{86D7E4A6-5AC2-4494-B953-8A21A6D360B4}"
EndProject
Project("{9A19103F-16F7-4668-BE54-9A1E7A4F7556}") = "Identity.Infrastructure", "Modules\Identity\Identity.Infrastructure\Identity.Infrastructure.csproj", "{5182F3C1-C23D-4E97-BA5B-0C677F85E189}"
EndProject
Project("{9A19103F-16F7-4668-BE54-9A1E7A4F7556}") = "Shared.UnitTests", "Shared\Shared.UnitTests\Shared.UnitTests.csproj", "{AC731C35-584F-42DA-85AE-B7FCEEBFC664}"
EndProject
Project("{9A19103F-16F7-4668-BE54-9A1E7A4F7556}") = "Identity.UnitTests", "Modules\Identity\Identity.UnitTests\Identity.UnitTests.csproj", "{1BEEA88B-22BF-4DA8-8A5E-8D5017C3F619}"
EndProject
Project("{9A19103F-16F7-4668-BE54-9A1E7A4F7556}") = "Food.UnitTests", "Modules\Food\Food.UnitTests\Food.UnitTests.csproj", "{0CCA4DBA-824C-4DB8-A642-D2C58BA8B169}"
EndProject
Project("{9A19103F-16F7-4668-BE54-9A1E7A4F7556}") = "Drinks.UnitTests", "Modules\Drinks\Drinks.UnitTests\Drinks.UnitTests.csproj", "{34FD8B7A-B057-4E90-AAE5-48C489E709CC}"
EndProject
Project("{2150E333-8FDC-42A3-9474-1A3956D46DE8}") = "Email", "Email", "{F99977F2-FA5B-432C-8487-6C9DB656C571}"
EndProject
Project("{9A19103F-16F7-4668-BE54-9A1E7A4F7556}") = "Email.Core", "Modules\Email\Email.Core\Email.Core.csproj", "{5A229897-2B65-412A-9395-1FD7C6108932}"
EndProject
Project("{9A19103F-16F7-4668-BE54-9A1E7A4F7556}") = "Email.Infrastructure", "Modules\Email\Email.Infrastructure\Email.Infrastructure.csproj", "{66781A45-8F34-4CFD-AEB6-7A85438C42E3}"
EndProject
Project("{9A19103F-16F7-4668-BE54-9A1E7A4F7556}") = "Email.UnitTests", "Modules\Email\Email.UnitTests\Email.UnitTests.csproj", "{BB745480-BE09-4D8D-A5C9-39E4F86298A3}"
EndProject
Project("{FAE04EC0-301F-11D3-BF4B-00C04F79EFBC}") = "Drinks.Module", "Modules\Drinks\Drinks.Module\Drinks.Module.csproj", "{272230ED-21A5-477D-9109-422607A9CBD2}"
EndProject
Project("{FAE04EC0-301F-11D3-BF4B-00C04F79EFBC}") = "Email.Module", "Modules\Email\Email.Module\Email.Module.csproj", "{12345B94-775E-419E-BA09-015C44074B90}"
EndProject
Project("{FAE04EC0-301F-11D3-BF4B-00C04F79EFBC}") = "Food.Module", "Modules\Food\Food.Module\Food.Module.csproj", "{CBAEC2E2-7978-4C71-A75B-038ED9DB3FD0}"
EndProject
Project("{FAE04EC0-301F-11D3-BF4B-00C04F79EFBC}") = "Identity.Module", "Modules\Identity\Identity.Module\Identity.Module.csproj", "{D0C65A60-BBCA-4931-881B-AC1ED87DEC84}"
EndProject
Global
	GlobalSection(SolutionConfigurationPlatforms) = preSolution
		Debug|Any CPU = Debug|Any CPU
		Release|Any CPU = Release|Any CPU
	EndGlobalSection
	GlobalSection(ProjectConfigurationPlatforms) = postSolution
		{08776A35-AF06-47F6-A6FB-490E251F93C6}.Debug|Any CPU.ActiveCfg = Debug|Any CPU
		{08776A35-AF06-47F6-A6FB-490E251F93C6}.Debug|Any CPU.Build.0 = Debug|Any CPU
		{08776A35-AF06-47F6-A6FB-490E251F93C6}.Release|Any CPU.ActiveCfg = Release|Any CPU
		{08776A35-AF06-47F6-A6FB-490E251F93C6}.Release|Any CPU.Build.0 = Release|Any CPU
		{C10D47EB-C5E3-45BF-8F52-74080EF5248C}.Debug|Any CPU.ActiveCfg = Debug|Any CPU
		{C10D47EB-C5E3-45BF-8F52-74080EF5248C}.Debug|Any CPU.Build.0 = Debug|Any CPU
		{C10D47EB-C5E3-45BF-8F52-74080EF5248C}.Release|Any CPU.ActiveCfg = Release|Any CPU
		{C10D47EB-C5E3-45BF-8F52-74080EF5248C}.Release|Any CPU.Build.0 = Release|Any CPU
		{C559849C-C40E-4FD4-B9BE-40AF16901089}.Debug|Any CPU.ActiveCfg = Debug|Any CPU
		{C559849C-C40E-4FD4-B9BE-40AF16901089}.Debug|Any CPU.Build.0 = Debug|Any CPU
		{C559849C-C40E-4FD4-B9BE-40AF16901089}.Release|Any CPU.ActiveCfg = Release|Any CPU
		{C559849C-C40E-4FD4-B9BE-40AF16901089}.Release|Any CPU.Build.0 = Release|Any CPU
		{6CC9E682-129E-4886-B68A-3571D2C82B90}.Debug|Any CPU.ActiveCfg = Debug|Any CPU
		{6CC9E682-129E-4886-B68A-3571D2C82B90}.Debug|Any CPU.Build.0 = Debug|Any CPU
		{6CC9E682-129E-4886-B68A-3571D2C82B90}.Release|Any CPU.ActiveCfg = Release|Any CPU
		{6CC9E682-129E-4886-B68A-3571D2C82B90}.Release|Any CPU.Build.0 = Release|Any CPU
		{B8E5E4D9-A8F9-4188-AC16-CAFB5D930336}.Debug|Any CPU.ActiveCfg = Debug|Any CPU
		{B8E5E4D9-A8F9-4188-AC16-CAFB5D930336}.Debug|Any CPU.Build.0 = Debug|Any CPU
		{B8E5E4D9-A8F9-4188-AC16-CAFB5D930336}.Release|Any CPU.ActiveCfg = Release|Any CPU
		{B8E5E4D9-A8F9-4188-AC16-CAFB5D930336}.Release|Any CPU.Build.0 = Release|Any CPU
		{B4ADB1A6-5AF0-4BDF-925A-A0D09749ACE7}.Debug|Any CPU.ActiveCfg = Debug|Any CPU
		{B4ADB1A6-5AF0-4BDF-925A-A0D09749ACE7}.Debug|Any CPU.Build.0 = Debug|Any CPU
		{B4ADB1A6-5AF0-4BDF-925A-A0D09749ACE7}.Release|Any CPU.ActiveCfg = Release|Any CPU
		{B4ADB1A6-5AF0-4BDF-925A-A0D09749ACE7}.Release|Any CPU.Build.0 = Release|Any CPU
		{2B69FF4B-38F8-42B2-929D-F867CF8E124F}.Debug|Any CPU.ActiveCfg = Debug|Any CPU
		{2B69FF4B-38F8-42B2-929D-F867CF8E124F}.Debug|Any CPU.Build.0 = Debug|Any CPU
		{2B69FF4B-38F8-42B2-929D-F867CF8E124F}.Release|Any CPU.ActiveCfg = Release|Any CPU
		{2B69FF4B-38F8-42B2-929D-F867CF8E124F}.Release|Any CPU.Build.0 = Release|Any CPU
		{E9174879-67A8-4F72-9DC7-FBCA7B42B3F2}.Debug|Any CPU.ActiveCfg = Debug|Any CPU
		{E9174879-67A8-4F72-9DC7-FBCA7B42B3F2}.Debug|Any CPU.Build.0 = Debug|Any CPU
		{E9174879-67A8-4F72-9DC7-FBCA7B42B3F2}.Release|Any CPU.ActiveCfg = Release|Any CPU
		{E9174879-67A8-4F72-9DC7-FBCA7B42B3F2}.Release|Any CPU.Build.0 = Release|Any CPU
		{86D7E4A6-5AC2-4494-B953-8A21A6D360B4}.Debug|Any CPU.ActiveCfg = Debug|Any CPU
		{86D7E4A6-5AC2-4494-B953-8A21A6D360B4}.Debug|Any CPU.Build.0 = Debug|Any CPU
		{86D7E4A6-5AC2-4494-B953-8A21A6D360B4}.Release|Any CPU.ActiveCfg = Release|Any CPU
		{86D7E4A6-5AC2-4494-B953-8A21A6D360B4}.Release|Any CPU.Build.0 = Release|Any CPU
		{5182F3C1-C23D-4E97-BA5B-0C677F85E189}.Debug|Any CPU.ActiveCfg = Debug|Any CPU
		{5182F3C1-C23D-4E97-BA5B-0C677F85E189}.Debug|Any CPU.Build.0 = Debug|Any CPU
		{5182F3C1-C23D-4E97-BA5B-0C677F85E189}.Release|Any CPU.ActiveCfg = Release|Any CPU
		{5182F3C1-C23D-4E97-BA5B-0C677F85E189}.Release|Any CPU.Build.0 = Release|Any CPU
		{AC731C35-584F-42DA-85AE-B7FCEEBFC664}.Debug|Any CPU.ActiveCfg = Debug|Any CPU
		{AC731C35-584F-42DA-85AE-B7FCEEBFC664}.Debug|Any CPU.Build.0 = Debug|Any CPU
		{AC731C35-584F-42DA-85AE-B7FCEEBFC664}.Release|Any CPU.ActiveCfg = Release|Any CPU
		{AC731C35-584F-42DA-85AE-B7FCEEBFC664}.Release|Any CPU.Build.0 = Release|Any CPU
		{1BEEA88B-22BF-4DA8-8A5E-8D5017C3F619}.Debug|Any CPU.ActiveCfg = Debug|Any CPU
		{1BEEA88B-22BF-4DA8-8A5E-8D5017C3F619}.Debug|Any CPU.Build.0 = Debug|Any CPU
		{1BEEA88B-22BF-4DA8-8A5E-8D5017C3F619}.Release|Any CPU.ActiveCfg = Release|Any CPU
		{1BEEA88B-22BF-4DA8-8A5E-8D5017C3F619}.Release|Any CPU.Build.0 = Release|Any CPU
		{0CCA4DBA-824C-4DB8-A642-D2C58BA8B169}.Debug|Any CPU.ActiveCfg = Debug|Any CPU
		{0CCA4DBA-824C-4DB8-A642-D2C58BA8B169}.Debug|Any CPU.Build.0 = Debug|Any CPU
		{0CCA4DBA-824C-4DB8-A642-D2C58BA8B169}.Release|Any CPU.ActiveCfg = Release|Any CPU
		{0CCA4DBA-824C-4DB8-A642-D2C58BA8B169}.Release|Any CPU.Build.0 = Release|Any CPU
		{34FD8B7A-B057-4E90-AAE5-48C489E709CC}.Debug|Any CPU.ActiveCfg = Debug|Any CPU
		{34FD8B7A-B057-4E90-AAE5-48C489E709CC}.Debug|Any CPU.Build.0 = Debug|Any CPU
		{34FD8B7A-B057-4E90-AAE5-48C489E709CC}.Release|Any CPU.ActiveCfg = Release|Any CPU
		{34FD8B7A-B057-4E90-AAE5-48C489E709CC}.Release|Any CPU.Build.0 = Release|Any CPU
		{5A229897-2B65-412A-9395-1FD7C6108932}.Debug|Any CPU.ActiveCfg = Debug|Any CPU
		{5A229897-2B65-412A-9395-1FD7C6108932}.Debug|Any CPU.Build.0 = Debug|Any CPU
		{5A229897-2B65-412A-9395-1FD7C6108932}.Release|Any CPU.ActiveCfg = Release|Any CPU
		{5A229897-2B65-412A-9395-1FD7C6108932}.Release|Any CPU.Build.0 = Release|Any CPU
		{66781A45-8F34-4CFD-AEB6-7A85438C42E3}.Debug|Any CPU.ActiveCfg = Debug|Any CPU
		{66781A45-8F34-4CFD-AEB6-7A85438C42E3}.Debug|Any CPU.Build.0 = Debug|Any CPU
		{66781A45-8F34-4CFD-AEB6-7A85438C42E3}.Release|Any CPU.ActiveCfg = Release|Any CPU
		{66781A45-8F34-4CFD-AEB6-7A85438C42E3}.Release|Any CPU.Build.0 = Release|Any CPU
		{BB745480-BE09-4D8D-A5C9-39E4F86298A3}.Debug|Any CPU.ActiveCfg = Debug|Any CPU
		{BB745480-BE09-4D8D-A5C9-39E4F86298A3}.Debug|Any CPU.Build.0 = Debug|Any CPU
		{BB745480-BE09-4D8D-A5C9-39E4F86298A3}.Release|Any CPU.ActiveCfg = Release|Any CPU
		{BB745480-BE09-4D8D-A5C9-39E4F86298A3}.Release|Any CPU.Build.0 = Release|Any CPU
		{272230ED-21A5-477D-9109-422607A9CBD2}.Debug|Any CPU.ActiveCfg = Debug|Any CPU
		{272230ED-21A5-477D-9109-422607A9CBD2}.Debug|Any CPU.Build.0 = Debug|Any CPU
		{272230ED-21A5-477D-9109-422607A9CBD2}.Release|Any CPU.ActiveCfg = Release|Any CPU
		{272230ED-21A5-477D-9109-422607A9CBD2}.Release|Any CPU.Build.0 = Release|Any CPU
		{12345B94-775E-419E-BA09-015C44074B90}.Debug|Any CPU.ActiveCfg = Debug|Any CPU
		{12345B94-775E-419E-BA09-015C44074B90}.Debug|Any CPU.Build.0 = Debug|Any CPU
		{12345B94-775E-419E-BA09-015C44074B90}.Release|Any CPU.ActiveCfg = Release|Any CPU
		{12345B94-775E-419E-BA09-015C44074B90}.Release|Any CPU.Build.0 = Release|Any CPU
		{CBAEC2E2-7978-4C71-A75B-038ED9DB3FD0}.Debug|Any CPU.ActiveCfg = Debug|Any CPU
		{CBAEC2E2-7978-4C71-A75B-038ED9DB3FD0}.Debug|Any CPU.Build.0 = Debug|Any CPU
		{CBAEC2E2-7978-4C71-A75B-038ED9DB3FD0}.Release|Any CPU.ActiveCfg = Release|Any CPU
		{CBAEC2E2-7978-4C71-A75B-038ED9DB3FD0}.Release|Any CPU.Build.0 = Release|Any CPU
		{D0C65A60-BBCA-4931-881B-AC1ED87DEC84}.Debug|Any CPU.ActiveCfg = Debug|Any CPU
		{D0C65A60-BBCA-4931-881B-AC1ED87DEC84}.Debug|Any CPU.Build.0 = Debug|Any CPU
		{D0C65A60-BBCA-4931-881B-AC1ED87DEC84}.Release|Any CPU.ActiveCfg = Release|Any CPU
		{D0C65A60-BBCA-4931-881B-AC1ED87DEC84}.Release|Any CPU.Build.0 = Release|Any CPU
	EndGlobalSection
	GlobalSection(SolutionProperties) = preSolution
		HideSolutionNode = FALSE
	EndGlobalSection
	GlobalSection(NestedProjects) = preSolution
		{08776A35-AF06-47F6-A6FB-490E251F93C6} = {D46319F6-AE8A-499A-AE14-656FC381D6AB}
		{C10D47EB-C5E3-45BF-8F52-74080EF5248C} = {D46319F6-AE8A-499A-AE14-656FC381D6AB}
		{C559849C-C40E-4FD4-B9BE-40AF16901089} = {937F6C74-0030-404F-80D2-277ABE761B48}
		{6CC9E682-129E-4886-B68A-3571D2C82B90} = {937F6C74-0030-404F-80D2-277ABE761B48}
		{B8E5E4D9-A8F9-4188-AC16-CAFB5D930336} = {97ACFEC4-7EED-473B-AE22-012123953918}
		{B4ADB1A6-5AF0-4BDF-925A-A0D09749ACE7} = {97ACFEC4-7EED-473B-AE22-012123953918}
		{2B69FF4B-38F8-42B2-929D-F867CF8E124F} = {97ACFEC4-7EED-473B-AE22-012123953918}
		{937F6C74-0030-404F-80D2-277ABE761B48} = {54D7DDCA-B16E-4516-924B-1F97BD4B6B1F}
		{D46319F6-AE8A-499A-AE14-656FC381D6AB} = {54D7DDCA-B16E-4516-924B-1F97BD4B6B1F}
		{E9174879-67A8-4F72-9DC7-FBCA7B42B3F2} = {49BF4A68-F5CE-4FFB-AFB3-84564D5D572E}
		{BB638DD5-F3DF-4B14-B9BE-4F1846101C0C} = {54D7DDCA-B16E-4516-924B-1F97BD4B6B1F}
		{86D7E4A6-5AC2-4494-B953-8A21A6D360B4} = {BB638DD5-F3DF-4B14-B9BE-4F1846101C0C}
		{5182F3C1-C23D-4E97-BA5B-0C677F85E189} = {BB638DD5-F3DF-4B14-B9BE-4F1846101C0C}
		{AC731C35-584F-42DA-85AE-B7FCEEBFC664} = {97ACFEC4-7EED-473B-AE22-012123953918}
		{1BEEA88B-22BF-4DA8-8A5E-8D5017C3F619} = {BB638DD5-F3DF-4B14-B9BE-4F1846101C0C}
		{0CCA4DBA-824C-4DB8-A642-D2C58BA8B169} = {D46319F6-AE8A-499A-AE14-656FC381D6AB}
		{34FD8B7A-B057-4E90-AAE5-48C489E709CC} = {937F6C74-0030-404F-80D2-277ABE761B48}
		{F99977F2-FA5B-432C-8487-6C9DB656C571} = {54D7DDCA-B16E-4516-924B-1F97BD4B6B1F}
		{5A229897-2B65-412A-9395-1FD7C6108932} = {F99977F2-FA5B-432C-8487-6C9DB656C571}
		{66781A45-8F34-4CFD-AEB6-7A85438C42E3} = {F99977F2-FA5B-432C-8487-6C9DB656C571}
		{BB745480-BE09-4D8D-A5C9-39E4F86298A3} = {F99977F2-FA5B-432C-8487-6C9DB656C571}
		{272230ED-21A5-477D-9109-422607A9CBD2} = {937F6C74-0030-404F-80D2-277ABE761B48}
		{12345B94-775E-419E-BA09-015C44074B90} = {F99977F2-FA5B-432C-8487-6C9DB656C571}
		{CBAEC2E2-7978-4C71-A75B-038ED9DB3FD0} = {D46319F6-AE8A-499A-AE14-656FC381D6AB}
		{D0C65A60-BBCA-4931-881B-AC1ED87DEC84} = {BB638DD5-F3DF-4B14-B9BE-4F1846101C0C}
	EndGlobalSection
	GlobalSection(ExtensibilityGlobals) = postSolution
		SolutionGuid = {885CF884-1738-473C-A0B2-2AA6E89FB534}
	EndGlobalSection
EndGlobal
